
Microsoft Visual Studio Solution File, Format Version 12.00
# Visual Studio 15
VisualStudioVersion = 15.0.28307.329
MinimumVisualStudioVersion = 10.0.40219.1
Project("{9A19103F-16F7-4668-BE54-9A1E7A4F7556}") = "Domain", "Domain\Domain.csproj", "{77EAF150-73DB-4865-8A54-4B1168ADC4C1}"
EndProject
Project("{FAE04EC0-301F-11D3-BF4B-00C04F79EFBC}") = "DomainTest", "DomainTest\DomainTest.csproj", "{AEF21836-3626-4103-A1DF-2C5BAA617408}"
EndProject
Global
	GlobalSection(SolutionConfigurationPlatforms) = preSolution
		Debug|Any CPU = Debug|Any CPU
		Release|Any CPU = Release|Any CPU
	EndGlobalSection
	GlobalSection(ProjectConfigurationPlatforms) = postSolution
		{77EAF150-73DB-4865-8A54-4B1168ADC4C1}.Debug|Any CPU.ActiveCfg = Debug|Any CPU
		{77EAF150-73DB-4865-8A54-4B1168ADC4C1}.Debug|Any CPU.Build.0 = Debug|Any CPU
		{77EAF150-73DB-4865-8A54-4B1168ADC4C1}.Release|Any CPU.ActiveCfg = Release|Any CPU
		{77EAF150-73DB-4865-8A54-4B1168ADC4C1}.Release|Any CPU.Build.0 = Release|Any CPU
		{AEF21836-3626-4103-A1DF-2C5BAA617408}.Debug|Any CPU.ActiveCfg = Debug|Any CPU
		{AEF21836-3626-4103-A1DF-2C5BAA617408}.Debug|Any CPU.Build.0 = Debug|Any CPU
		{AEF21836-3626-4103-A1DF-2C5BAA617408}.Release|Any CPU.ActiveCfg = Release|Any CPU
		{AEF21836-3626-4103-A1DF-2C5BAA617408}.Release|Any CPU.Build.0 = Release|Any CPU
	EndGlobalSection
	GlobalSection(SolutionProperties) = preSolution
		HideSolutionNode = FALSE
	EndGlobalSection
	GlobalSection(ExtensibilityGlobals) = postSolution
		SolutionGuid = {A7F2F1E5-8C4F-4BD8-B75D-0740893FCA9E}
	EndGlobalSection
EndGlobal
